{
  "name": "flutter_challenge",
  "version": "1.0.0",
  "lockfileVersion": 2,
  "requires": true,
  "packages": {
    "": {
      "name": "flutter_challenge",
      "version": "1.0.0",
      "license": "ISC",
      "devDependencies": {
        "lefthook": "^1.1.1"
      }
    },
    "node_modules/lefthook": {
      "version": "1.1.1",
      "resolved": "https://registry.npmjs.org/lefthook/-/lefthook-1.1.1.tgz",
      "integrity": "sha512-IRhJHWEwLlN+FHJnIBamgaIcr53C4iskN+uZ3yzqhoFcaO7kWtmzW3DIPCB48mzlCIOFnjfPvVLX0SyPdkWQCw==",
      "dev": true,
      "hasInstallScript": true,
      "bin": {
        "lefthook": "bin/index.js"
      },
      "optionalDependencies": {
        "lefthook-darwin-arm64": "1.1.1",
        "lefthook-darwin-x64": "1.1.1",
        "lefthook-linux-arm64": "1.1.1",
        "lefthook-linux-x64": "1.1.1",
        "lefthook-windows-arm64": "1.1.1",
        "lefthook-windows-x64": "1.1.1"
      }
    },
    "node_modules/lefthook-darwin-arm64": {
      "version": "1.1.1",
      "resolved": "https://registry.npmjs.org/lefthook-darwin-arm64/-/lefthook-darwin-arm64-1.1.1.tgz",
      "integrity": "sha512-Vs+3kRgC8S8Vz4Xxug6u3wV24BpO3IG/R1D8mZYolHyrS60Nx24ZadV267BjYp7OPe+mwC4xZFwj388YJGF2Ew==",
      "cpu": [
        "arm64"
      ],
      "dev": true,
      "optional": true,
      "os": [
        "darwin"
      ]
    },
    "node_modules/lefthook-darwin-x64": {
      "version": "1.1.1",
      "resolved": "https://registry.npmjs.org/lefthook-darwin-x64/-/lefthook-darwin-x64-1.1.1.tgz",
      "integrity": "sha512-wrkg2NYBW/y5pnpiTplkn7mbvCe5hkoAUhag+xw6xVyti4GcS5uMFZEJdKzq+LajOK50DhfdmZ2nEud2XM6FQQ==",
      "cpu": [
        "x64"
      ],
      "dev": true,
      "optional": true,
      "os": [
        "darwin"
      ]
    },
    "node_modules/lefthook-linux-arm64": {
      "version": "1.1.1",
      "resolved": "https://registry.npmjs.org/lefthook-linux-arm64/-/lefthook-linux-arm64-1.1.1.tgz",
      "integrity": "sha512-CkGPQroJ9jBnW4fwnuHimbKNgR1vbSqBEdQXyZxRg3VGoKoN6Np1LGzcLGu3ySMshaYNqnavGdkp6F86deN5qA==",
      "cpu": [
        "arm64"
      ],
      "dev": true,
      "optional": true,
      "os": [
        "linux"
      ]
    },
    "node_modules/lefthook-linux-x64": {
      "version": "1.1.1",
      "resolved": "https://registry.npmjs.org/lefthook-linux-x64/-/lefthook-linux-x64-1.1.1.tgz",
      "integrity": "sha512-dmETuxz1Jja2wg2G+NOCKwbrNKanjWkFd1XVSfIisX4tYMLbCesqL7ZosL9rI06SOEDulTZHdmfNj7aEDUPpog==",
      "cpu": [
        "x64"
      ],
      "dev": true,
      "optional": true,
      "os": [
        "linux"
      ]
    },
    "node_modules/lefthook-windows-arm64": {
      "version": "1.1.1",
      "resolved": "https://registry.npmjs.org/lefthook-windows-arm64/-/lefthook-windows-arm64-1.1.1.tgz",
      "integrity": "sha512-RaAJFATYuWmbLaHZlcfXR1JsiDu6KCuaXb8W1pJVI+3vXNx9bueVL4ps6KZGxSwnktrdH3pFjbYs88qmsQ5zBw==",
      "cpu": [
        "arm64"
      ],
      "dev": true,
      "optional": true,
      "os": [
        "win32"
      ]
    },
    "node_modules/lefthook-windows-x64": {
      "version": "1.1.1",
      "resolved": "https://registry.npmjs.org/lefthook-windows-x64/-/lefthook-windows-x64-1.1.1.tgz",
      "integrity": "sha512-zOI1iCnc5U7LS7nHj2raneeviSYHLXzgksrV7Ain+W1F6bYpS+1k5PqCQuLfEspsQYfJGiJo1SeueIcoIzqtiQ==",
      "cpu": [
        "x64"
      ],
      "dev": true,
      "optional": true,
      "os": [
        "win32"
      ]
    }
  },
  "dependencies": {
    "lefthook": {
      "version": "1.1.1",
      "resolved": "https://registry.npmjs.org/lefthook/-/lefthook-1.1.1.tgz",
      "integrity": "sha512-IRhJHWEwLlN+FHJnIBamgaIcr53C4iskN+uZ3yzqhoFcaO7kWtmzW3DIPCB48mzlCIOFnjfPvVLX0SyPdkWQCw==",
      "dev": true,
      "requires": {
        "lefthook-darwin-arm64": "1.1.1",
        "lefthook-darwin-x64": "1.1.1",
        "lefthook-linux-arm64": "1.1.1",
        "lefthook-linux-x64": "1.1.1",
        "lefthook-windows-arm64": "1.1.1",
        "lefthook-windows-x64": "1.1.1"
      }
    },
    "lefthook-darwin-arm64": {
      "version": "1.1.1",
      "resolved": "https://registry.npmjs.org/lefthook-darwin-arm64/-/lefthook-darwin-arm64-1.1.1.tgz",
      "integrity": "sha512-Vs+3kRgC8S8Vz4Xxug6u3wV24BpO3IG/R1D8mZYolHyrS60Nx24ZadV267BjYp7OPe+mwC4xZFwj388YJGF2Ew==",
      "dev": true,
      "optional": true
    },
    "lefthook-darwin-x64": {
      "version": "1.1.1",
      "resolved": "https://registry.npmjs.org/lefthook-darwin-x64/-/lefthook-darwin-x64-1.1.1.tgz",
      "integrity": "sha512-wrkg2NYBW/y5pnpiTplkn7mbvCe5hkoAUhag+xw6xVyti4GcS5uMFZEJdKzq+LajOK50DhfdmZ2nEud2XM6FQQ==",
      "dev": true,
      "optional": true
    },
    "lefthook-linux-arm64": {
      "version": "1.1.1",
      "resolved": "https://registry.npmjs.org/lefthook-linux-arm64/-/lefthook-linux-arm64-1.1.1.tgz",
      "integrity": "sha512-CkGPQroJ9jBnW4fwnuHimbKNgR1vbSqBEdQXyZxRg3VGoKoN6Np1LGzcLGu3ySMshaYNqnavGdkp6F86deN5qA==",
      "dev": true,
      "optional": true
    },
    "lefthook-linux-x64": {
      "version": "1.1.1",
      "resolved": "https://registry.npmjs.org/lefthook-linux-x64/-/lefthook-linux-x64-1.1.1.tgz",
      "integrity": "sha512-dmETuxz1Jja2wg2G+NOCKwbrNKanjWkFd1XVSfIisX4tYMLbCesqL7ZosL9rI06SOEDulTZHdmfNj7aEDUPpog==",
      "dev": true,
      "optional": true
    },
    "lefthook-windows-arm64": {
      "version": "1.1.1",
      "resolved": "https://registry.npmjs.org/lefthook-windows-arm64/-/lefthook-windows-arm64-1.1.1.tgz",
      "integrity": "sha512-RaAJFATYuWmbLaHZlcfXR1JsiDu6KCuaXb8W1pJVI+3vXNx9bueVL4ps6KZGxSwnktrdH3pFjbYs88qmsQ5zBw==",
      "dev": true,
      "optional": true
    },
    "lefthook-windows-x64": {
      "version": "1.1.1",
      "resolved": "https://registry.npmjs.org/lefthook-windows-x64/-/lefthook-windows-x64-1.1.1.tgz",
      "integrity": "sha512-zOI1iCnc5U7LS7nHj2raneeviSYHLXzgksrV7Ain+W1F6bYpS+1k5PqCQuLfEspsQYfJGiJo1SeueIcoIzqtiQ==",
      "dev": true,
      "optional": true
    }
  }
}
